
Microsoft Visual Studio Solution File, Format Version 12.00
# Visual Studio Version 17
VisualStudioVersion = 17.3.32929.385
MinimumVisualStudioVersion = 10.0.40219.1
Project("{F184B08F-C81C-45F6-A57F-5ABD9991F28F}") = "DB Practice", "DB Practice\DB Practice.vbproj", "{00C07B87-B535-475C-8EAF-706BC9FD6FC1}"
EndProject
Global
	GlobalSection(SolutionConfigurationPlatforms) = preSolution
		Debug|Any CPU = Debug|Any CPU
		Release|Any CPU = Release|Any CPU
	EndGlobalSection
	GlobalSection(ProjectConfigurationPlatforms) = postSolution
		{00C07B87-B535-475C-8EAF-706BC9FD6FC1}.Debug|Any CPU.ActiveCfg = Debug|Any CPU
		{00C07B87-B535-475C-8EAF-706BC9FD6FC1}.Debug|Any CPU.Build.0 = Debug|Any CPU
		{00C07B87-B535-475C-8EAF-706BC9FD6FC1}.Release|Any CPU.ActiveCfg = Release|Any CPU
		{00C07B87-B535-475C-8EAF-706BC9FD6FC1}.Release|Any CPU.Build.0 = Release|Any CPU
	EndGlobalSection
	GlobalSection(SolutionProperties) = preSolution
		HideSolutionNode = FALSE
	EndGlobalSection
	GlobalSection(ExtensibilityGlobals) = postSolution
		SolutionGuid = {3D1A681E-89B9-43B5-9CA9-9869C41A9F0D}
	EndGlobalSection
EndGlobal
